{
  "nodes": {
    "flake-utils": {
      "locked": {
        "lastModified": 1667395993,
        "narHash": "sha256-nuEHfE/LcWyuSWnS8t12N1wc105Qtau+/OdUAjtQ0rA=",
        "owner": "numtide",
        "repo": "flake-utils",
        "rev": "5aed5285a952e0b949eb3ba02c12fa4fcfef535f",
        "type": "github"
      },
      "original": {
        "owner": "numtide",
        "repo": "flake-utils",
        "type": "github"
      }
    },
    "nixpkgs": {
      "locked": {
        "lastModified": 1674990008,
        "narHash": "sha256-4zOyp+hFW2Y7imxIpZqZGT8CEqKmDjwgfD6BzRUE0mQ=",
        "owner": "NixOS",
        "repo": "nixpkgs",
        "rev": "d2bbcbe6c626d339b25a4995711f07625b508214",
        "type": "github"
      },
      "original": {
        "id": "nixpkgs",
        "ref": "nixpkgs-unstable",
        "type": "indirect"
      }
    },
    "nixpkgs-cross-overlay": {
      "inputs": {
        "flake-utils": [
          "flake-utils"
        ],
        "nixpkgs": [
          "nixpkgs"
        ],
        "rust-overlay": "rust-overlay"
      },
      "locked": {
        "lastModified": 1675024646,
        "narHash": "sha256-9vK6lQI5tCXICVri2CAtQ0BvppXdu0X31J95061tiDM=",
        "owner": "alekseysidorov",
        "repo": "nixpkgs-cross-overlay",
        "rev": "373e0caaeff627910fe5c3867dded0b1734d807f",
        "type": "github"
      },
      "original": {
        "owner": "alekseysidorov",
        "ref": "dev",
        "repo": "nixpkgs-cross-overlay",
        "type": "github"
      }
    },
    "root": {
      "inputs": {
        "flake-utils": "flake-utils",
        "nixpkgs": "nixpkgs",
        "nixpkgs-cross-overlay": "nixpkgs-cross-overlay",
        "rust-overlay": "rust-overlay_2"
      }
    },
    "rust-overlay": {
      "inputs": {
        "flake-utils": [
          "nixpkgs-cross-overlay",
          "flake-utils"
        ],
        "nixpkgs": [
          "nixpkgs-cross-overlay",
          "nixpkgs"
        ]
      },
      "locked": {
        "lastModified": 1674959389,
        "narHash": "sha256-N0kc+CE9Vy7Mj8Z/cLHx59gL+ZnkmylYH0BQEWz3TZU=",
        "owner": "oxalica",
        "repo": "rust-overlay",
        "rev": "edd082ca16aa055d5504bea39da36b3ee68e4f1d",
        "type": "github"
      },
      "original": {
        "owner": "oxalica",
        "repo": "rust-overlay",
        "type": "github"
      }
    },
    "rust-overlay_2": {
      "inputs": {
        "flake-utils": [
          "flake-utils"
        ],
        "nixpkgs": [
          "nixpkgs"
        ]
      },
      "locked": {
        "lastModified": 1675045459,
        "narHash": "sha256-fd+BMct3RNqW4mESQlqCFnwCPEe+bHhkZIDVGBQn6GI=",
        "owner": "oxalica",
        "repo": "rust-overlay",
        "rev": "7093dfcd21df83026ee20426af80bf2072e2da92",
        "type": "github"
      },
      "original": {
        "owner": "oxalica",
        "repo": "rust-overlay",
        "type": "github"
      }
    }
  },
  "root": "root",
  "version": 7
}
